// !$*UTF8*$!
{
	archiveVersion = 1;
	classes = {
	};
	objectVersion = 46;
	objects = {

/* Begin PBXBuildFile section */
		DE8ADA6F1A660BBD00CD488A /* libAppCanEngine_IOS.a in Frameworks */ = {isa = PBXBuildFile; fileRef = DE8ADA6E1A660BBD00CD488A /* libAppCanEngine_IOS.a */; };
		F79B2A211A636E4F00165D8A /* Foundation.framework in Frameworks */ = {isa = PBXBuildFile; fileRef = F79B2A201A636E4F00165D8A /* Foundation.framework */; };
		F7D590A01A636F880030B8C7 /* EUExListView.m in Sources */ = {isa = PBXBuildFile; fileRef = F7D5907B1A636F880030B8C7 /* EUExListView.m */; };
		F7D590A11A636F880030B8C7 /* EGORefreshTableHeaderView.m in Sources */ = {isa = PBXBuildFile; fileRef = F7D590801A636F880030B8C7 /* EGORefreshTableHeaderView.m */; };
		F7D590A21A636F880030B8C7 /* LoadMoreTableFooterView.m in Sources */ = {isa = PBXBuildFile; fileRef = F7D590821A636F880030B8C7 /* LoadMoreTableFooterView.m */; };
		F7D590A31A636F880030B8C7 /* MessageInterceptor.m in Sources */ = {isa = PBXBuildFile; fileRef = F7D590841A636F880030B8C7 /* MessageInterceptor.m */; };
		F7D590A41A636F880030B8C7 /* PullTableView.m in Sources */ = {isa = PBXBuildFile; fileRef = F7D590861A636F880030B8C7 /* PullTableView.m */; };
		F7D590A51A636F880030B8C7 /* SWTableViewCell.m in Sources */ = {isa = PBXBuildFile; fileRef = F7D5909F1A636F880030B8C7 /* SWTableViewCell.m */; settings = {COMPILER_FLAGS = "-fobjc-arc"; }; };
		F7D590A71A636FC70030B8C7 /* UIKit.framework in Frameworks */ = {isa = PBXBuildFile; fileRef = F7D590A61A636FC70030B8C7 /* UIKit.framework */; };
		F7D590AB1A6370400030B8C7 /* MobileCoreServices.framework in Frameworks */ = {isa = PBXBuildFile; fileRef = F7D590AA1A6370400030B8C7 /* MobileCoreServices.framework */; };
		F7D590AD1A6370460030B8C7 /* QuartzCore.framework in Frameworks */ = {isa = PBXBuildFile; fileRef = F7D590AC1A6370460030B8C7 /* QuartzCore.framework */; };
		F7D590AF1A6370520030B8C7 /* libstdc++.dylib in Frameworks */ = {isa = PBXBuildFile; fileRef = F7D590AE1A6370520030B8C7 /* libstdc++.dylib */; };
		F7D590B11A6370640030B8C7 /* libicucore.dylib in Frameworks */ = {isa = PBXBuildFile; fileRef = F7D590B01A6370640030B8C7 /* libicucore.dylib */; };
		F7D590B31A6370730030B8C7 /* libiconv.dylib in Frameworks */ = {isa = PBXBuildFile; fileRef = F7D590B21A6370730030B8C7 /* libiconv.dylib */; };
		F7D590B51A6370820030B8C7 /* libc++.dylib in Frameworks */ = {isa = PBXBuildFile; fileRef = F7D590B41A6370820030B8C7 /* libc++.dylib */; };
		F7D590B71A63708B0030B8C7 /* CFNetwork.framework in Frameworks */ = {isa = PBXBuildFile; fileRef = F7D590B61A63708B0030B8C7 /* CFNetwork.framework */; };
		F7D590B91A6370950030B8C7 /* AudioToolbox.framework in Frameworks */ = {isa = PBXBuildFile; fileRef = F7D590B81A6370950030B8C7 /* AudioToolbox.framework */; };
		F7D590BB1A6370A20030B8C7 /* CoreTelephony.framework in Frameworks */ = {isa = PBXBuildFile; fileRef = F7D590BA1A6370A20030B8C7 /* CoreTelephony.framework */; };
		F7D590BD1A6370A90030B8C7 /* MapKit.framework in Frameworks */ = {isa = PBXBuildFile; fileRef = F7D590BC1A6370A90030B8C7 /* MapKit.framework */; };
		F7D590BF1A6370BC0030B8C7 /* SystemConfiguration.framework in Frameworks */ = {isa = PBXBuildFile; fileRef = F7D590BE1A6370BC0030B8C7 /* SystemConfiguration.framework */; };
		F7D590C11A6370C20030B8C7 /* libz.dylib in Frameworks */ = {isa = PBXBuildFile; fileRef = F7D590C01A6370C20030B8C7 /* libz.dylib */; };
		F7D590C31A6370D90030B8C7 /* libsqlite3.dylib in Frameworks */ = {isa = PBXBuildFile; fileRef = F7D590C21A6370D90030B8C7 /* libsqlite3.dylib */; };
/* End PBXBuildFile section */

/* Begin PBXCopyFilesBuildPhase section */
		F79B2A1B1A636E4F00165D8A /* CopyFiles */ = {
			isa = PBXCopyFilesBuildPhase;
			buildActionMask = 2147483647;
			dstPath = "include/$(PRODUCT_NAME)";
			dstSubfolderSpec = 16;
			files = (
			);
			runOnlyForDeploymentPostprocessing = 0;
		};
/* End PBXCopyFilesBuildPhase section */

/* Begin PBXFileReference section */
		DE8ADA6E1A660BBD00CD488A /* libAppCanEngine_IOS.a */ = {isa = PBXFileReference; lastKnownFileType = archive.ar; name = libAppCanEngine_IOS.a; path = ../libAppCanEngine_IOS.a; sourceTree = "<group>"; };
		F79B2A1D1A636E4F00165D8A /* uexListView.dylib */ = {isa = PBXFileReference; explicitFileType = "compiled.mach-o.dylib"; includeInIndex = 0; path = uexListView.dylib; sourceTree = BUILT_PRODUCTS_DIR; };
		F79B2A201A636E4F00165D8A /* Foundation.framework */ = {isa = PBXFileReference; lastKnownFileType = wrapper.framework; name = Foundation.framework; path = System/Library/Frameworks/Foundation.framework; sourceTree = SDKROOT; };
		F79B2A2E1A636E4F00165D8A /* XCTest.framework */ = {isa = PBXFileReference; lastKnownFileType = wrapper.framework; name = XCTest.framework; path = Library/Frameworks/XCTest.framework; sourceTree = DEVELOPER_DIR; };
		F7D590771A636F880030B8C7 /* EUExBase.h */ = {isa = PBXFileReference; fileEncoding = 4; lastKnownFileType = sourcecode.c.h; path = EUExBase.h; sourceTree = "<group>"; };
		F7D590781A636F880030B8C7 /* EUExBaseDefine.h */ = {isa = PBXFileReference; fileEncoding = 4; lastKnownFileType = sourcecode.c.h; path = EUExBaseDefine.h; sourceTree = "<group>"; };
		F7D590791A636F880030B8C7 /* EUtility.h */ = {isa = PBXFileReference; fileEncoding = 4; lastKnownFileType = sourcecode.c.h; path = EUtility.h; sourceTree = "<group>"; };
		F7D5907A1A636F880030B8C7 /* EUExListView.h */ = {isa = PBXFileReference; fileEncoding = 4; lastKnownFileType = sourcecode.c.h; name = EUExListView.h; path = EUExListView/EUExListView.h; sourceTree = SOURCE_ROOT; };
		F7D5907B1A636F880030B8C7 /* EUExListView.m */ = {isa = PBXFileReference; fileEncoding = 4; lastKnownFileType = sourcecode.c.objc; name = EUExListView.m; path = EUExListView/EUExListView.m; sourceTree = SOURCE_ROOT; };
		F7D5907F1A636F880030B8C7 /* EGORefreshTableHeaderView.h */ = {isa = PBXFileReference; fileEncoding = 4; lastKnownFileType = sourcecode.c.h; path = EGORefreshTableHeaderView.h; sourceTree = "<group>"; };
		F7D590801A636F880030B8C7 /* EGORefreshTableHeaderView.m */ = {isa = PBXFileReference; fileEncoding = 4; lastKnownFileType = sourcecode.c.objc; path = EGORefreshTableHeaderView.m; sourceTree = "<group>"; };
		F7D590811A636F880030B8C7 /* LoadMoreTableFooterView.h */ = {isa = PBXFileReference; fileEncoding = 4; lastKnownFileType = sourcecode.c.h; path = LoadMoreTableFooterView.h; sourceTree = "<group>"; };
		F7D590821A636F880030B8C7 /* LoadMoreTableFooterView.m */ = {isa = PBXFileReference; fileEncoding = 4; lastKnownFileType = sourcecode.c.objc; path = LoadMoreTableFooterView.m; sourceTree = "<group>"; };
		F7D590831A636F880030B8C7 /* MessageInterceptor.h */ = {isa = PBXFileReference; fileEncoding = 4; lastKnownFileType = sourcecode.c.h; path = MessageInterceptor.h; sourceTree = "<group>"; };
		F7D590841A636F880030B8C7 /* MessageInterceptor.m */ = {isa = PBXFileReference; fileEncoding = 4; lastKnownFileType = sourcecode.c.objc; path = MessageInterceptor.m; sourceTree = "<group>"; };
		F7D590851A636F880030B8C7 /* PullTableView.h */ = {isa = PBXFileReference; fileEncoding = 4; lastKnownFileType = sourcecode.c.h; path = PullTableView.h; sourceTree = "<group>"; };
		F7D590861A636F880030B8C7 /* PullTableView.m */ = {isa = PBXFileReference; fileEncoding = 4; lastKnownFileType = sourcecode.c.objc; path = PullTableView.m; sourceTree = "<group>"; };
		F7D590881A636F880030B8C7 /* JSON.h */ = {isa = PBXFileReference; fileEncoding = 4; lastKnownFileType = sourcecode.c.h; path = JSON.h; sourceTree = "<group>"; };
		F7D590891A636F880030B8C7 /* JSONParser.h */ = {isa = PBXFileReference; fileEncoding = 4; lastKnownFileType = sourcecode.c.h; path = JSONParser.h; sourceTree = "<group>"; };
		F7D5908A1A636F880030B8C7 /* MD5Digest.h */ = {isa = PBXFileReference; fileEncoding = 4; lastKnownFileType = sourcecode.c.h; path = MD5Digest.h; sourceTree = "<group>"; };
		F7D5908B1A636F880030B8C7 /* NSObject+SBJSON.h */ = {isa = PBXFileReference; fileEncoding = 4; lastKnownFileType = sourcecode.c.h; path = "NSObject+SBJSON.h"; sourceTree = "<group>"; };
		F7D5908C1A636F880030B8C7 /* NSString+SBJSON.h */ = {isa = PBXFileReference; fileEncoding = 4; lastKnownFileType = sourcecode.c.h; path = "NSString+SBJSON.h"; sourceTree = "<group>"; };
		F7D5908D1A636F880030B8C7 /* SBJSON.h */ = {isa = PBXFileReference; fileEncoding = 4; lastKnownFileType = sourcecode.c.h; path = SBJSON.h; sourceTree = "<group>"; };
		F7D5908E1A636F880030B8C7 /* SBJsonBase.h */ = {isa = PBXFileReference; fileEncoding = 4; lastKnownFileType = sourcecode.c.h; path = SBJsonBase.h; sourceTree = "<group>"; };
		F7D5908F1A636F880030B8C7 /* SBJsonParser.h */ = {isa = PBXFileReference; fileEncoding = 4; lastKnownFileType = sourcecode.c.h; path = SBJsonParser.h; sourceTree = "<group>"; };
		F7D590901A636F880030B8C7 /* SBJsonWriter.h */ = {isa = PBXFileReference; fileEncoding = 4; lastKnownFileType = sourcecode.c.h; path = SBJsonWriter.h; sourceTree = "<group>"; };
		F7D590921A636F880030B8C7 /* MKAnnotationView+WebCache.h */ = {isa = PBXFileReference; fileEncoding = 4; lastKnownFileType = sourcecode.c.h; path = "MKAnnotationView+WebCache.h"; sourceTree = "<group>"; };
		F7D590931A636F880030B8C7 /* SDImageCache.h */ = {isa = PBXFileReference; fileEncoding = 4; lastKnownFileType = sourcecode.c.h; path = SDImageCache.h; sourceTree = "<group>"; };
		F7D590941A636F880030B8C7 /* SDImageCacheDelegate.h */ = {isa = PBXFileReference; fileEncoding = 4; lastKnownFileType = sourcecode.c.h; path = SDImageCacheDelegate.h; sourceTree = "<group>"; };
		F7D590951A636F880030B8C7 /* SDWebImageCompat.h */ = {isa = PBXFileReference; fileEncoding = 4; lastKnownFileType = sourcecode.c.h; path = SDWebImageCompat.h; sourceTree = "<group>"; };
		F7D590961A636F880030B8C7 /* SDWebImageDecoder.h */ = {isa = PBXFileReference; fileEncoding = 4; lastKnownFileType = sourcecode.c.h; path = SDWebImageDecoder.h; sourceTree = "<group>"; };
		F7D590971A636F880030B8C7 /* SDWebImageDownloader.h */ = {isa = PBXFileReference; fileEncoding = 4; lastKnownFileType = sourcecode.c.h; path = SDWebImageDownloader.h; sourceTree = "<group>"; };
		F7D590981A636F880030B8C7 /* SDWebImageDownloaderDelegate.h */ = {isa = PBXFileReference; fileEncoding = 4; lastKnownFileType = sourcecode.c.h; path = SDWebImageDownloaderDelegate.h; sourceTree = "<group>"; };
		F7D590991A636F880030B8C7 /* SDWebImageManager.h */ = {isa = PBXFileReference; fileEncoding = 4; lastKnownFileType = sourcecode.c.h; path = SDWebImageManager.h; sourceTree = "<group>"; };
		F7D5909A1A636F880030B8C7 /* SDWebImageManagerDelegate.h */ = {isa = PBXFileReference; fileEncoding = 4; lastKnownFileType = sourcecode.c.h; path = SDWebImageManagerDelegate.h; sourceTree = "<group>"; };
		F7D5909B1A636F880030B8C7 /* SDWebImagePrefetcher.h */ = {isa = PBXFileReference; fileEncoding = 4; lastKnownFileType = sourcecode.c.h; path = SDWebImagePrefetcher.h; sourceTree = "<group>"; };
		F7D5909C1A636F880030B8C7 /* UIButton+WebCache.h */ = {isa = PBXFileReference; fileEncoding = 4; lastKnownFileType = sourcecode.c.h; path = "UIButton+WebCache.h"; sourceTree = "<group>"; };
		F7D5909D1A636F880030B8C7 /* UIImageView+WebCache.h */ = {isa = PBXFileReference; fileEncoding = 4; lastKnownFileType = sourcecode.c.h; path = "UIImageView+WebCache.h"; sourceTree = "<group>"; };
		F7D5909E1A636F880030B8C7 /* SWTableViewCell.h */ = {isa = PBXFileReference; fileEncoding = 4; lastKnownFileType = sourcecode.c.h; path = SWTableViewCell.h; sourceTree = "<group>"; };
		F7D5909F1A636F880030B8C7 /* SWTableViewCell.m */ = {isa = PBXFileReference; fileEncoding = 4; lastKnownFileType = sourcecode.c.objc; path = SWTableViewCell.m; sourceTree = "<group>"; };
		F7D590A61A636FC70030B8C7 /* UIKit.framework */ = {isa = PBXFileReference; lastKnownFileType = wrapper.framework; name = UIKit.framework; path = System/Library/Frameworks/UIKit.framework; sourceTree = SDKROOT; };
		F7D590AA1A6370400030B8C7 /* MobileCoreServices.framework */ = {isa = PBXFileReference; lastKnownFileType = wrapper.framework; name = MobileCoreServices.framework; path = System/Library/Frameworks/MobileCoreServices.framework; sourceTree = SDKROOT; };
		F7D590AC1A6370460030B8C7 /* QuartzCore.framework */ = {isa = PBXFileReference; lastKnownFileType = wrapper.framework; name = QuartzCore.framework; path = System/Library/Frameworks/QuartzCore.framework; sourceTree = SDKROOT; };
		F7D590AE1A6370520030B8C7 /* libstdc++.dylib */ = {isa = PBXFileReference; lastKnownFileType = "compiled.mach-o.dylib"; name = "libstdc++.dylib"; path = "usr/lib/libstdc++.dylib"; sourceTree = SDKROOT; };
		F7D590B01A6370640030B8C7 /* libicucore.dylib */ = {isa = PBXFileReference; lastKnownFileType = "compiled.mach-o.dylib"; name = libicucore.dylib; path = usr/lib/libicucore.dylib; sourceTree = SDKROOT; };
		F7D590B21A6370730030B8C7 /* libiconv.dylib */ = {isa = PBXFileReference; lastKnownFileType = "compiled.mach-o.dylib"; name = libiconv.dylib; path = usr/lib/libiconv.dylib; sourceTree = SDKROOT; };
		F7D590B41A6370820030B8C7 /* libc++.dylib */ = {isa = PBXFileReference; lastKnownFileType = "compiled.mach-o.dylib"; name = "libc++.dylib"; path = "usr/lib/libc++.dylib"; sourceTree = SDKROOT; };
		F7D590B61A63708B0030B8C7 /* CFNetwork.framework */ = {isa = PBXFileReference; lastKnownFileType = wrapper.framework; name = CFNetwork.framework; path = System/Library/Frameworks/CFNetwork.framework; sourceTree = SDKROOT; };
		F7D590B81A6370950030B8C7 /* AudioToolbox.framework */ = {isa = PBXFileReference; lastKnownFileType = wrapper.framework; name = AudioToolbox.framework; path = System/Library/Frameworks/AudioToolbox.framework; sourceTree = SDKROOT; };
		F7D590BA1A6370A20030B8C7 /* CoreTelephony.framework */ = {isa = PBXFileReference; lastKnownFileType = wrapper.framework; name = CoreTelephony.framework; path = System/Library/Frameworks/CoreTelephony.framework; sourceTree = SDKROOT; };
		F7D590BC1A6370A90030B8C7 /* MapKit.framework */ = {isa = PBXFileReference; lastKnownFileType = wrapper.framework; name = MapKit.framework; path = System/Library/Frameworks/MapKit.framework; sourceTree = SDKROOT; };
		F7D590BE1A6370BC0030B8C7 /* SystemConfiguration.framework */ = {isa = PBXFileReference; lastKnownFileType = wrapper.framework; name = SystemConfiguration.framework; path = System/Library/Frameworks/SystemConfiguration.framework; sourceTree = SDKROOT; };
		F7D590C01A6370C20030B8C7 /* libz.dylib */ = {isa = PBXFileReference; lastKnownFileType = "compiled.mach-o.dylib"; name = libz.dylib; path = usr/lib/libz.dylib; sourceTree = SDKROOT; };
		F7D590C21A6370D90030B8C7 /* libsqlite3.dylib */ = {isa = PBXFileReference; lastKnownFileType = "compiled.mach-o.dylib"; name = libsqlite3.dylib; path = usr/lib/libsqlite3.dylib; sourceTree = SDKROOT; };
/* End PBXFileReference section */

/* Begin PBXFrameworksBuildPhase section */
		F79B2A1A1A636E4F00165D8A /* Frameworks */ = {
			isa = PBXFrameworksBuildPhase;
			buildActionMask = 2147483647;
			files = (
				F79B2A211A636E4F00165D8A /* Foundation.framework in Frameworks */,
				F7D590C31A6370D90030B8C7 /* libsqlite3.dylib in Frameworks */,
				F7D590C11A6370C20030B8C7 /* libz.dylib in Frameworks */,
				F7D590BF1A6370BC0030B8C7 /* SystemConfiguration.framework in Frameworks */,
				F7D590BD1A6370A90030B8C7 /* MapKit.framework in Frameworks */,
				F7D590BB1A6370A20030B8C7 /* CoreTelephony.framework in Frameworks */,
				F7D590B91A6370950030B8C7 /* AudioToolbox.framework in Frameworks */,
				F7D590B71A63708B0030B8C7 /* CFNetwork.framework in Frameworks */,
				F7D590B51A6370820030B8C7 /* libc++.dylib in Frameworks */,
				F7D590B31A6370730030B8C7 /* libiconv.dylib in Frameworks */,
				F7D590B11A6370640030B8C7 /* libicucore.dylib in Frameworks */,
				F7D590AF1A6370520030B8C7 /* libstdc++.dylib in Frameworks */,
				F7D590AD1A6370460030B8C7 /* QuartzCore.framework in Frameworks */,
				F7D590AB1A6370400030B8C7 /* MobileCoreServices.framework in Frameworks */,
				DE8ADA6F1A660BBD00CD488A /* libAppCanEngine_IOS.a in Frameworks */,
				F7D590A71A636FC70030B8C7 /* UIKit.framework in Frameworks */,
			);
			runOnlyForDeploymentPostprocessing = 0;
		};
/* End PBXFrameworksBuildPhase section */

/* Begin PBXGroup section */
		F79B2A141A636E4F00165D8A = {
			isa = PBXGroup;
			children = (
				F79B2A221A636E4F00165D8A /* uexListView */,
				F79B2A1F1A636E4F00165D8A /* Frameworks */,
				F79B2A1E1A636E4F00165D8A /* Products */,
			);
			sourceTree = "<group>";
		};
		F79B2A1E1A636E4F00165D8A /* Products */ = {
			isa = PBXGroup;
			children = (
				F79B2A1D1A636E4F00165D8A /* uexListView.dylib */,
			);
			name = Products;
			sourceTree = "<group>";
		};
		F79B2A1F1A636E4F00165D8A /* Frameworks */ = {
			isa = PBXGroup;
			children = (
				F7D590C21A6370D90030B8C7 /* libsqlite3.dylib */,
				DE8ADA6E1A660BBD00CD488A /* libAppCanEngine_IOS.a */,
				F7D590C01A6370C20030B8C7 /* libz.dylib */,
				F7D590BE1A6370BC0030B8C7 /* SystemConfiguration.framework */,
				F7D590BC1A6370A90030B8C7 /* MapKit.framework */,
				F7D590BA1A6370A20030B8C7 /* CoreTelephony.framework */,
				F7D590B81A6370950030B8C7 /* AudioToolbox.framework */,
				F7D590B61A63708B0030B8C7 /* CFNetwork.framework */,
				F7D590B41A6370820030B8C7 /* libc++.dylib */,
				F7D590B21A6370730030B8C7 /* libiconv.dylib */,
				F7D590B01A6370640030B8C7 /* libicucore.dylib */,
				F7D590AE1A6370520030B8C7 /* libstdc++.dylib */,
				F7D590AC1A6370460030B8C7 /* QuartzCore.framework */,
				F7D590AA1A6370400030B8C7 /* MobileCoreServices.framework */,
				F7D590A61A636FC70030B8C7 /* UIKit.framework */,
				F79B2A201A636E4F00165D8A /* Foundation.framework */,
				F79B2A2E1A636E4F00165D8A /* XCTest.framework */,
			);
			name = Frameworks;
			sourceTree = "<group>";
		};
		F79B2A221A636E4F00165D8A /* uexListView */ = {
			isa = PBXGroup;
			children = (
				F7D590761A636F880030B8C7 /* engineHeader */,
				F7D5907A1A636F880030B8C7 /* EUExListView.h */,
				F7D5907B1A636F880030B8C7 /* EUExListView.m */,
				F7D5907C1A636F880030B8C7 /* sourceCode */,
				F79B2A231A636E4F00165D8A /* Supporting Files */,
			);
			path = uexListView;
			sourceTree = "<group>";
		};
		F79B2A231A636E4F00165D8A /* Supporting Files */ = {
			isa = PBXGroup;
			children = (
			);
			name = "Supporting Files";
			sourceTree = "<group>";
		};
		F7D590761A636F880030B8C7 /* engineHeader */ = {
			isa = PBXGroup;
			children = (
				F7D590771A636F880030B8C7 /* EUExBase.h */,
				F7D590781A636F880030B8C7 /* EUExBaseDefine.h */,
				F7D590791A636F880030B8C7 /* EUtility.h */,
			);
			name = engineHeader;
			path = EUExListView/engineHeader;
			sourceTree = SOURCE_ROOT;
		};
		F7D5907C1A636F880030B8C7 /* sourceCode */ = {
			isa = PBXGroup;
			children = (
				F7D5907D1A636F880030B8C7 /* EGOTableViewPullRefresh */,
				F7D590871A636F880030B8C7 /* JSON */,
				F7D590911A636F880030B8C7 /* SDWebImage */,
				F7D5909E1A636F880030B8C7 /* SWTableViewCell.h */,
				F7D5909F1A636F880030B8C7 /* SWTableViewCell.m */,
			);
			name = sourceCode;
			path = EUExListView/sourceCode;
			sourceTree = SOURCE_ROOT;
		};
		F7D5907D1A636F880030B8C7 /* EGOTableViewPullRefresh */ = {
			isa = PBXGroup;
			children = (
				F7D5907E1A636F880030B8C7 /* Classes */,
			);
			path = EGOTableViewPullRefresh;
			sourceTree = "<group>";
		};
		F7D5907E1A636F880030B8C7 /* Classes */ = {
			isa = PBXGroup;
			children = (
				F7D5907F1A636F880030B8C7 /* EGORefreshTableHeaderView.h */,
				F7D590801A636F880030B8C7 /* EGORefreshTableHeaderView.m */,
				F7D590811A636F880030B8C7 /* LoadMoreTableFooterView.h */,
				F7D590821A636F880030B8C7 /* LoadMoreTableFooterView.m */,
				F7D590831A636F880030B8C7 /* MessageInterceptor.h */,
				F7D590841A636F880030B8C7 /* MessageInterceptor.m */,
				F7D590851A636F880030B8C7 /* PullTableView.h */,
				F7D590861A636F880030B8C7 /* PullTableView.m */,
			);
			path = Classes;
			sourceTree = "<group>";
		};
		F7D590871A636F880030B8C7 /* JSON */ = {
			isa = PBXGroup;
			children = (
				F7D590881A636F880030B8C7 /* JSON.h */,
				F7D590891A636F880030B8C7 /* JSONParser.h */,
				F7D5908A1A636F880030B8C7 /* MD5Digest.h */,
				F7D5908B1A636F880030B8C7 /* NSObject+SBJSON.h */,
				F7D5908C1A636F880030B8C7 /* NSString+SBJSON.h */,
				F7D5908D1A636F880030B8C7 /* SBJSON.h */,
				F7D5908E1A636F880030B8C7 /* SBJsonBase.h */,
				F7D5908F1A636F880030B8C7 /* SBJsonParser.h */,
				F7D590901A636F880030B8C7 /* SBJsonWriter.h */,
			);
			path = JSON;
			sourceTree = "<group>";
		};
		F7D590911A636F880030B8C7 /* SDWebImage */ = {
			isa = PBXGroup;
			children = (
				F7D590921A636F880030B8C7 /* MKAnnotationView+WebCache.h */,
				F7D590931A636F880030B8C7 /* SDImageCache.h */,
				F7D590941A636F880030B8C7 /* SDImageCacheDelegate.h */,
				F7D590951A636F880030B8C7 /* SDWebImageCompat.h */,
				F7D590961A636F880030B8C7 /* SDWebImageDecoder.h */,
				F7D590971A636F880030B8C7 /* SDWebImageDownloader.h */,
				F7D590981A636F880030B8C7 /* SDWebImageDownloaderDelegate.h */,
				F7D590991A636F880030B8C7 /* SDWebImageManager.h */,
				F7D5909A1A636F880030B8C7 /* SDWebImageManagerDelegate.h */,
				F7D5909B1A636F880030B8C7 /* SDWebImagePrefetcher.h */,
				F7D5909C1A636F880030B8C7 /* UIButton+WebCache.h */,
				F7D5909D1A636F880030B8C7 /* UIImageView+WebCache.h */,
			);
			path = SDWebImage;
			sourceTree = "<group>";
		};
/* End PBXGroup section */

/* Begin PBXNativeTarget section */
		F79B2A1C1A636E4F00165D8A /* uexListView */ = {
			isa = PBXNativeTarget;
			buildConfigurationList = F79B2A401A636E4F00165D8A /* Build configuration list for PBXNativeTarget "uexListView" */;
			buildPhases = (
				F79B2A191A636E4F00165D8A /* Sources */,
				F79B2A1A1A636E4F00165D8A /* Frameworks */,
				F79B2A1B1A636E4F00165D8A /* CopyFiles */,
			);
			buildRules = (
			);
			dependencies = (
			);
			name = uexListView;
			productName = uexListView;
			productReference = F79B2A1D1A636E4F00165D8A /* uexListView.dylib */;
			productType = "com.apple.product-type.library.dynamic";
		};
/* End PBXNativeTarget section */

/* Begin PBXProject section */
		F79B2A151A636E4F00165D8A /* Project object */ = {
			isa = PBXProject;
			attributes = {
				LastUpgradeCheck = 0510;
				ORGANIZATIONNAME = AppCan.can;
			};
			buildConfigurationList = F79B2A181A636E4F00165D8A /* Build configuration list for PBXProject "uexListView" */;
			compatibilityVersion = "Xcode 3.2";
			developmentRegion = English;
			hasScannedForEncodings = 0;
			knownRegions = (
				en,
			);
			mainGroup = F79B2A141A636E4F00165D8A;
			productRefGroup = F79B2A1E1A636E4F00165D8A /* Products */;
			projectDirPath = "";
			projectRoot = "";
			targets = (
				F79B2A1C1A636E4F00165D8A /* uexListView */,
			);
		};
/* End PBXProject section */

/* Begin PBXSourcesBuildPhase section */
		F79B2A191A636E4F00165D8A /* Sources */ = {
			isa = PBXSourcesBuildPhase;
			buildActionMask = 2147483647;
			files = (
				F7D590A11A636F880030B8C7 /* EGORefreshTableHeaderView.m in Sources */,
				F7D590A21A636F880030B8C7 /* LoadMoreTableFooterView.m in Sources */,
				F7D590A01A636F880030B8C7 /* EUExListView.m in Sources */,
				F7D590A41A636F880030B8C7 /* PullTableView.m in Sources */,
				F7D590A31A636F880030B8C7 /* MessageInterceptor.m in Sources */,
				F7D590A51A636F880030B8C7 /* SWTableViewCell.m in Sources */,
			);
			runOnlyForDeploymentPostprocessing = 0;
		};
/* End PBXSourcesBuildPhase section */

/* Begin XCBuildConfiguration section */
		F79B2A3E1A636E4F00165D8A /* Debug */ = {
			isa = XCBuildConfiguration;
			buildSettings = {
				ALWAYS_SEARCH_USER_PATHS = NO;
				CLANG_CXX_LANGUAGE_STANDARD = "gnu++0x";
				CLANG_CXX_LIBRARY = "libc++";
				CLANG_ENABLE_MODULES = YES;
				CLANG_ENABLE_OBJC_ARC = NO;
				CLANG_WARN_BOOL_CONVERSION = YES;
				CLANG_WARN_CONSTANT_CONVERSION = YES;
				CLANG_WARN_DIRECT_OBJC_ISA_USAGE = YES_ERROR;
				CLANG_WARN_EMPTY_BODY = YES;
				CLANG_WARN_ENUM_CONVERSION = YES;
				CLANG_WARN_INT_CONVERSION = YES;
				CLANG_WARN_OBJC_ROOT_CLASS = YES_ERROR;
				CLANG_WARN__DUPLICATE_METHOD_MATCH = YES;
				CODE_SIGN_IDENTITY = "iPhone Developer: Wang GuoChun (GJL3LN9D59)";
				CONFIGURATION_BUILD_DIR = "$(SRCROOT)/uexListView";
				COPY_PHASE_STRIP = NO;
				GCC_C_LANGUAGE_STANDARD = gnu99;
				GCC_DYNAMIC_NO_PIC = NO;
				GCC_OPTIMIZATION_LEVEL = 0;
				GCC_PREPROCESSOR_DEFINITIONS = (
					"DEBUG=1",
					"$(inherited)",
				);
				GCC_SYMBOLS_PRIVATE_EXTERN = NO;
				GCC_WARN_64_TO_32_BIT_CONVERSION = YES;
				GCC_WARN_ABOUT_RETURN_TYPE = YES_ERROR;
				GCC_WARN_UNDECLARED_SELECTOR = YES;
				GCC_WARN_UNINITIALIZED_AUTOS = YES_AGGRESSIVE;
				GCC_WARN_UNUSED_FUNCTION = YES;
				GCC_WARN_UNUSED_VARIABLE = YES;
				IPHONEOS_DEPLOYMENT_TARGET = 5.0;
				ONLY_ACTIVE_ARCH = YES;
				SDKROOT = iphoneos;
				VALID_ARCHS = "armv7 armv7s";
			};
			name = Debug;
		};
		F79B2A3F1A636E4F00165D8A /* Release */ = {
			isa = XCBuildConfiguration;
			buildSettings = {
				ALWAYS_SEARCH_USER_PATHS = NO;
				CLANG_CXX_LANGUAGE_STANDARD = "gnu++0x";
				CLANG_CXX_LIBRARY = "libc++";
				CLANG_ENABLE_MODULES = YES;
				CLANG_ENABLE_OBJC_ARC = NO;
				CLANG_WARN_BOOL_CONVERSION = YES;
				CLANG_WARN_CONSTANT_CONVERSION = YES;
				CLANG_WARN_DIRECT_OBJC_ISA_USAGE = YES_ERROR;
				CLANG_WARN_EMPTY_BODY = YES;
				CLANG_WARN_ENUM_CONVERSION = YES;
				CLANG_WARN_INT_CONVERSION = YES;
				CLANG_WARN_OBJC_ROOT_CLASS = YES_ERROR;
				CLANG_WARN__DUPLICATE_METHOD_MATCH = YES;
				CODE_SIGN_IDENTITY = "iPhone Developer: Wang GuoChun (GJL3LN9D59)";
				CONFIGURATION_BUILD_DIR = "$(SRCROOT)/uexListView";
				COPY_PHASE_STRIP = YES;
				ENABLE_NS_ASSERTIONS = NO;
				GCC_C_LANGUAGE_STANDARD = gnu99;
				GCC_WARN_64_TO_32_BIT_CONVERSION = YES;
				GCC_WARN_ABOUT_RETURN_TYPE = YES_ERROR;
				GCC_WARN_UNDECLARED_SELECTOR = YES;
				GCC_WARN_UNINITIALIZED_AUTOS = YES_AGGRESSIVE;
				GCC_WARN_UNUSED_FUNCTION = YES;
				GCC_WARN_UNUSED_VARIABLE = YES;
				IPHONEOS_DEPLOYMENT_TARGET = 5.0;
				SDKROOT = iphoneos;
				VALIDATE_PRODUCT = YES;
				VALID_ARCHS = "armv7 armv7s";
			};
			name = Release;
		};
		F79B2A411A636E4F00165D8A /* Debug */ = {
			isa = XCBuildConfiguration;
			buildSettings = {
				CLANG_ENABLE_OBJC_ARC = NO;
				CODE_SIGN_IDENTITY = "iPhone Developer: leilei xu (T8E4RVNP82)";
				CONFIGURATION_BUILD_DIR = "$(SRCROOT)/uexListView";
				DSTROOT = /tmp/uexListView.dst;
				GCC_PRECOMPILE_PREFIX_HEADER = YES;
				GCC_PREFIX_HEADER = "";
				LIBRARY_SEARCH_PATHS = (
					"$(inherited)",
					"/Users/liguofu/Desktop/每一天/20141229/public",
					/Users/huxuesen/Desktop/AppCanPlugin3.0/trunk/code/public,
				);
				OTHER_LDFLAGS = "-ObjC";
				PRODUCT_NAME = "$(TARGET_NAME)";
				SKIP_INSTALL = YES;
			};
			name = Debug;
		};
		F79B2A421A636E4F00165D8A /* Release */ = {
			isa = XCBuildConfiguration;
			buildSettings = {
				CLANG_ENABLE_OBJC_ARC = NO;
				CODE_SIGN_IDENTITY = "iPhone Developer: leilei xu (T8E4RVNP82)";
				CONFIGURATION_BUILD_DIR = "$(SRCROOT)/uexListView";
				DSTROOT = /tmp/uexListView.dst;
				GCC_PRECOMPILE_PREFIX_HEADER = YES;
				GCC_PREFIX_HEADER = "";
				LIBRARY_SEARCH_PATHS = (
					"$(inherited)",
					"/Users/liguofu/Desktop/每一天/20141229/public",
					/Users/huxuesen/Desktop/AppCanPlugin3.0/trunk/code/public,
				);
				OTHER_LDFLAGS = "-ObjC";
				PRODUCT_NAME = "$(TARGET_NAME)";
				SKIP_INSTALL = YES;
			};
			name = Release;
		};
/* End XCBuildConfiguration section */

/* Begin XCConfigurationList section */
		F79B2A181A636E4F00165D8A /* Build configuration list for PBXProject "uexListView" */ = {
			isa = XCConfigurationList;
			buildConfigurations = (
				F79B2A3E1A636E4F00165D8A /* Debug */,
				F79B2A3F1A636E4F00165D8A /* Release */,
			);
			defaultConfigurationIsVisible = 0;
			defaultConfigurationName = Release;
		};
		F79B2A401A636E4F00165D8A /* Build configuration list for PBXNativeTarget "uexListView" */ = {
			isa = XCConfigurationList;
			buildConfigurations = (
				F79B2A411A636E4F00165D8A /* Debug */,
				F79B2A421A636E4F00165D8A /* Release */,
			);
			defaultConfigurationIsVisible = 0;
			defaultConfigurationName = Release;
		};
/* End XCConfigurationList section */
	};
	rootObject = F79B2A151A636E4F00165D8A /* Project object */;
}
